Microsoft Visual Studio Solution File, Format Version 9.00
# Visual Studio 2005
Project("{8BC9CEB8-8B4A-11D0-8D11-00A0C91BC942}") = "recaps", "recaps.2005.vcproj", "{A6546042-77AD-46B0-B4B4-63641E29810E}"
EndProject
Global
	GlobalSection(SolutionConfigurationPlatforms) = preSolution
		Debug|Win32 = Debug|Win32
		Release|Win32 = Release|Win32
	EndGlobalSection
	GlobalSection(ProjectConfigurationPlatforms) = postSolution
		{A6546042-77AD-46B0-B4B4-63641E29810E}.Debug|Win32.ActiveCfg = Debug|Win32
		{A6546042-77AD-46B0-B4B4-63641E29810E}.Debug|Win32.Build.0 = Debug|Win32
		{A6546042-77AD-46B0-B4B4-63641E29810E}.Release|Win32.ActiveCfg = Release|Win32
		{A6546042-77AD-46B0-B4B4-63641E29810E}.Release|Win32.Build.0 = Release|Win32
	EndGlobalSection
	GlobalSection(SolutionProperties) = preSolution
		HideSolutionNode = FALSE
	EndGlobalSection
EndGlobal
